
Microsoft Visual Studio Solution File, Format Version 12.00
# Visual Studio Version 17
VisualStudioVersion = 17.11.35303.130
MinimumVisualStudioVersion = 10.0.40219.1
Project("{FAE04EC0-301F-11D3-BF4B-00C04F79EFBC}") = "OOPHerencia", "OOPHerencia\OOPHerencia.csproj", "{CCBE1EF4-FC2D-4F44-863C-491E8FBDF803}"
EndProject
Global
	GlobalSection(SolutionConfigurationPlatforms) = preSolution
		Debug|Any CPU = Debug|Any CPU
		Release|Any CPU = Release|Any CPU
	EndGlobalSection
	GlobalSection(ProjectConfigurationPlatforms) = postSolution
		{CCBE1EF4-FC2D-4F44-863C-491E8FBDF803}.Debug|Any CPU.ActiveCfg = Debug|Any CPU
		{CCBE1EF4-FC2D-4F44-863C-491E8FBDF803}.Debug|Any CPU.Build.0 = Debug|Any CPU
		{CCBE1EF4-FC2D-4F44-863C-491E8FBDF803}.Release|Any CPU.ActiveCfg = Release|Any CPU
		{CCBE1EF4-FC2D-4F44-863C-491E8FBDF803}.Release|Any CPU.Build.0 = Release|Any CPU
	EndGlobalSection
	GlobalSection(SolutionProperties) = preSolution
		HideSolutionNode = FALSE
	EndGlobalSection
	GlobalSection(ExtensibilityGlobals) = postSolution
		SolutionGuid = {1A96F904-CD30-4453-BCC9-AA1970071C7D}
	EndGlobalSection
EndGlobal
